
Microsoft Visual Studio Solution File, Format Version 12.00
# Visual Studio Version 17
VisualStudioVersion = 17.0.31903.59
MinimumVisualStudioVersion = 10.0.40219.1
Project("{FAE04EC0-301F-11D3-BF4B-00C04F79EFBC}") = "OriCoopServer", "OriCoopServer\OriCoopServer.csproj", "{7F9559BF-4BD8-4DE4-B3C8-73EC6E128319}"
EndProject
Project("{FAE04EC0-301F-11D3-BF4B-00C04F79EFBC}") = "OriCoopClient", "OriCoopClient\OriCoopClient.csproj", "{3F29F974-3C04-4B69-9572-16D96B766230}"
EndProject
Global
	GlobalSection(SolutionConfigurationPlatforms) = preSolution
		Debug|Any CPU = Debug|Any CPU
		Release|Any CPU = Release|Any CPU
	EndGlobalSection
	GlobalSection(SolutionProperties) = preSolution
		HideSolutionNode = FALSE
	EndGlobalSection
	GlobalSection(ProjectConfigurationPlatforms) = postSolution
		{7F9559BF-4BD8-4DE4-B3C8-73EC6E128319}.Debug|Any CPU.ActiveCfg = Debug|Any CPU
		{7F9559BF-4BD8-4DE4-B3C8-73EC6E128319}.Debug|Any CPU.Build.0 = Debug|Any CPU
		{7F9559BF-4BD8-4DE4-B3C8-73EC6E128319}.Release|Any CPU.ActiveCfg = Release|Any CPU
		{7F9559BF-4BD8-4DE4-B3C8-73EC6E128319}.Release|Any CPU.Build.0 = Release|Any CPU
		{3F29F974-3C04-4B69-9572-16D96B766230}.Debug|Any CPU.ActiveCfg = Debug|Any CPU
		{3F29F974-3C04-4B69-9572-16D96B766230}.Debug|Any CPU.Build.0 = Debug|Any CPU
		{3F29F974-3C04-4B69-9572-16D96B766230}.Release|Any CPU.ActiveCfg = Release|Any CPU
		{3F29F974-3C04-4B69-9572-16D96B766230}.Release|Any CPU.Build.0 = Release|Any CPU
	EndGlobalSection
EndGlobal
